<?xml version="1.0" encoding="utf-8"?>
<Project ToolsVersion="4.0" xmlns="http://schemas.microsoft.com/developer/msbuild/2003">
  <ItemGroup>
    <Filter Include="Sledge">
      <UniqueIdentifier>{B9A056D1-A542-81A7-8EFD-94FB7A3E08F8}</UniqueIdentifier>
    </Filter>
    <Filter Include="Sledge\Events">
      <UniqueIdentifier>{7D22ABE0-E9E2-2617-B21D-70941E9D6BF3}</UniqueIdentifier>
    </Filter>
  </ItemGroup>
  <ItemGroup>
    <ClInclude Include="src\Sledge.h" />
    <ClInclude Include="src\Sledge\Application.h">
      <Filter>Sledge</Filter>
    </ClInclude>
    <ClInclude Include="src\Sledge\Core.h">
      <Filter>Sledge</Filter>
    </ClInclude>
    <ClInclude Include="src\Sledge\EntryPoint.h">
      <Filter>Sledge</Filter>
    </ClInclude>
    <ClInclude Include="src\Sledge\Events\ApplicationEvent.h">
      <Filter>Sledge\Events</Filter>
    </ClInclude>
    <ClInclude Include="src\Sledge\Events\Event.h">
      <Filter>Sledge\Events</Filter>
    </ClInclude>
    <ClInclude Include="src\Sledge\Events\KeyEvent.h">
      <Filter>Sledge\Events</Filter>
    </ClInclude>
    <ClInclude Include="src\Sledge\Events\MouseEvent.h">
      <Filter>Sledge\Events</Filter>
    </ClInclude>
    <ClInclude Include="src\Sledge\Log.h">
      <Filter>Sledge</Filter>
    </ClInclude>
  </ItemGroup>
  <ItemGroup>
    <ClCompile Include="src\Sledge\Application.cpp">
      <Filter>Sledge</Filter>
    </ClCompile>
    <ClCompile Include="src\Sledge\Log.cpp">
      <Filter>Sledge</Filter>
    </ClCompile>
  </ItemGroup>
</Project>